
Microsoft Visual Studio Solution File, Format Version 12.00
# Visual Studio 15
VisualStudioVersion = 15.0.28307.779
MinimumVisualStudioVersion = 10.0.40219.1
Project("{FAE04EC0-301F-11D3-BF4B-00C04F79EFBC}") = "Çalışma 2", "Çalışma 2\Çalışma 2.csproj", "{94E880E6-EA9B-4FC0-93C0-FBF1CDF41DB2}"
EndProject
Global
	GlobalSection(SolutionConfigurationPlatforms) = preSolution
		Debug|Any CPU = Debug|Any CPU
		Release|Any CPU = Release|Any CPU
	EndGlobalSection
	GlobalSection(ProjectConfigurationPlatforms) = postSolution
		{94E880E6-EA9B-4FC0-93C0-FBF1CDF41DB2}.Debug|Any CPU.ActiveCfg = Debug|Any CPU
		{94E880E6-EA9B-4FC0-93C0-FBF1CDF41DB2}.Debug|Any CPU.Build.0 = Debug|Any CPU
		{94E880E6-EA9B-4FC0-93C0-FBF1CDF41DB2}.Release|Any CPU.ActiveCfg = Release|Any CPU
		{94E880E6-EA9B-4FC0-93C0-FBF1CDF41DB2}.Release|Any CPU.Build.0 = Release|Any CPU
	EndGlobalSection
	GlobalSection(SolutionProperties) = preSolution
		HideSolutionNode = FALSE
	EndGlobalSection
	GlobalSection(ExtensibilityGlobals) = postSolution
		SolutionGuid = {7895046E-61B7-4797-98F9-D521BE96D51F}
	EndGlobalSection
EndGlobal
